
Microsoft Visual Studio Solution File, Format Version 12.00
# Visual Studio Version 17
VisualStudioVersion = 17.14.36221.1
MinimumVisualStudioVersion = 10.0.40219.1
Project("{FAE04EC0-301F-11D3-BF4B-00C04F79EFBC}") = "mooSQL.Pure", "pure\mooSQL.Pure.csproj", "{8F20FD64-3FA9-6742-00B4-638FEF81524D}"
EndProject
Project("{FAE04EC0-301F-11D3-BF4B-00C04F79EFBC}") = "mooSQL.Ext", "ext\mooSQL.Ext.csproj", "{58D92AD6-081C-3115-497B-A5CA435D1BBB}"
EndProject
Global
	GlobalSection(SolutionConfigurationPlatforms) = preSolution
		Debug|Any CPU = Debug|Any CPU
		Release|Any CPU = Release|Any CPU
	EndGlobalSection
	GlobalSection(ProjectConfigurationPlatforms) = postSolution
		{8F20FD64-3FA9-6742-00B4-638FEF81524D}.Debug|Any CPU.ActiveCfg = Debug|Any CPU
		{8F20FD64-3FA9-6742-00B4-638FEF81524D}.Debug|Any CPU.Build.0 = Debug|Any CPU
		{8F20FD64-3FA9-6742-00B4-638FEF81524D}.Release|Any CPU.ActiveCfg = Release|Any CPU
		{8F20FD64-3FA9-6742-00B4-638FEF81524D}.Release|Any CPU.Build.0 = Release|Any CPU
		{58D92AD6-081C-3115-497B-A5CA435D1BBB}.Debug|Any CPU.ActiveCfg = Debug|Any CPU
		{58D92AD6-081C-3115-497B-A5CA435D1BBB}.Debug|Any CPU.Build.0 = Debug|Any CPU
		{58D92AD6-081C-3115-497B-A5CA435D1BBB}.Release|Any CPU.ActiveCfg = Release|Any CPU
		{58D92AD6-081C-3115-497B-A5CA435D1BBB}.Release|Any CPU.Build.0 = Release|Any CPU
	EndGlobalSection
	GlobalSection(SolutionProperties) = preSolution
		HideSolutionNode = FALSE
	EndGlobalSection
	GlobalSection(ExtensibilityGlobals) = postSolution
		SolutionGuid = {1CAF8892-D6F1-41AC-8AA6-5695FABE6442}
	EndGlobalSection
EndGlobal
